
Microsoft Visual Studio Solution File, Format Version 12.00
# Visual Studio Version 17
VisualStudioVersion = 17.4.33205.214
MinimumVisualStudioVersion = 10.0.40219.1
Project("{FAE04EC0-301F-11D3-BF4B-00C04F79EFBC}") = "GDTask-9", "GDTask-9\GDTask-9.csproj", "{9DF90601-B1C9-4351-8A21-9906A601FB8A}"
EndProject
Global
	GlobalSection(SolutionConfigurationPlatforms) = preSolution
		Debug|Any CPU = Debug|Any CPU
		Release|Any CPU = Release|Any CPU
	EndGlobalSection
	GlobalSection(ProjectConfigurationPlatforms) = postSolution
		{9DF90601-B1C9-4351-8A21-9906A601FB8A}.Debug|Any CPU.ActiveCfg = Debug|Any CPU
		{9DF90601-B1C9-4351-8A21-9906A601FB8A}.Debug|Any CPU.Build.0 = Debug|Any CPU
		{9DF90601-B1C9-4351-8A21-9906A601FB8A}.Release|Any CPU.ActiveCfg = Release|Any CPU
		{9DF90601-B1C9-4351-8A21-9906A601FB8A}.Release|Any CPU.Build.0 = Release|Any CPU
	EndGlobalSection
	GlobalSection(SolutionProperties) = preSolution
		HideSolutionNode = FALSE
	EndGlobalSection
	GlobalSection(ExtensibilityGlobals) = postSolution
		SolutionGuid = {8262B2C8-F3A2-4121-9313-32782E06A608}
	EndGlobalSection
EndGlobal
